schema: '2.0'
stages:
  ingest:
    cmd: python src/data_ingestion.py
    deps:
    - path: data/raw/phishing_email.csv
      hash: md5
      md5: 755efff8c9c0f624a0e8134bd3125775
      size: 106603543
    - path: src/data_ingestion.py
      hash: md5
      md5: cec15b462287635030dd71d16f6d8178
      size: 888
    outs:
    - path: data/processed/test.csv
      hash: md5
      md5: 19564fdb0da4f9e2b2100d6f82ac6e60
      size: 20590760
    - path: data/processed/train.csv
      hash: md5
      md5: 7bacad9eca1861ddbdeee489932ef4f5
      size: 86012803
  validate:
    cmd: python src/data_validation.py
    deps:
    - path: data/processed/test.csv
      hash: md5
      md5: 19564fdb0da4f9e2b2100d6f82ac6e60
      size: 20590760
    - path: data/processed/train.csv
      hash: md5
      md5: 7bacad9eca1861ddbdeee489932ef4f5
      size: 86012803
    - path: src/data_validation.py
      hash: md5
      md5: c6b8c1d4a748c60181457d386a89da8f
      size: 875
  preprocess:
    cmd: python src/data_preprocessing.py
    deps:
    - path: data/processed/test.csv
      hash: md5
      md5: 19564fdb0da4f9e2b2100d6f82ac6e60
      size: 20590760
    - path: data/processed/train.csv
      hash: md5
      md5: 7bacad9eca1861ddbdeee489932ef4f5
      size: 86012803
    - path: src/data_preprocessing.py
      hash: md5
      md5: 5fcb4e0bd71cb4594cb3d0a5a5e259f8
      size: 934
    outs:
    - path: data/processed/test_clean.csv
      hash: md5
      md5: 4fab7f7fd6d08d17777785a74e75604b
      size: 38534301
    - path: data/processed/train_clean.csv
      hash: md5
      md5: 6d3fe0aa7013ec8b716f36fca4ac8fae
      size: 160566439
  transform:
    cmd: python src/data_transformation.py
    deps:
    - path: data/processed/test_clean.csv
      hash: md5
      md5: 4fab7f7fd6d08d17777785a74e75604b
      size: 38534301
    - path: data/processed/train_clean.csv
      hash: md5
      md5: 6d3fe0aa7013ec8b716f36fca4ac8fae
      size: 160566439
    - path: src/data_transformation.py
      hash: md5
      md5: 9bc0b0b1855cc80ad8f00b58e7d346c0
      size: 1101
    outs:
    - path: models/vectorizer.pkl
      hash: md5
      md5: 28079a823031b72571fb19fff1b3ceee
      size: 184017
  train:
    cmd: python src/model_trainer.py
    deps:
    - path: data/processed/train_clean.csv
      hash: md5
      md5: 6d3fe0aa7013ec8b716f36fca4ac8fae
      size: 160566439
    - path: models/vectorizer.pkl
      hash: md5
      md5: 28079a823031b72571fb19fff1b3ceee
      size: 184017
    - path: src/model_trainer.py
      hash: md5
      md5: 6fed0dc1d7f6573568f235e21b29ef6e
      size: 1303
    outs:
    - path: models/phishing_model.pkl
      hash: md5
      md5: 799fdc4e67ba7583e4f26b1743fa0f31
      size: 3913929
  evaluate:
    cmd: python src/model_evaluation.py
    deps:
    - path: data/processed/test_clean.csv
      hash: md5
      md5: 4fab7f7fd6d08d17777785a74e75604b
      size: 38534301
    - path: models/phishing_model.pkl
      hash: md5
      md5: 799fdc4e67ba7583e4f26b1743fa0f31
      size: 3913929
    - path: src/model_evaluation.py
      hash: md5
      md5: 1eaf68f0a30b8a39a1adc5b6815b59b6
      size: 1496
